
Microsoft Visual Studio Solution File, Format Version 12.00
# Visual Studio Version 17
VisualStudioVersion = 17.11.35219.272
MinimumVisualStudioVersion = 10.0.40219.1
Project("{FAE04EC0-301F-11D3-BF4B-00C04F79EFBC}") = "ProyectoPED_1", "ProyectoPED_1.csproj", "{F8BC9D0B-D441-435E-9E3A-A4190D9A2D61}"
EndProject
Global
	GlobalSection(SolutionConfigurationPlatforms) = preSolution
		Debug|Any CPU = Debug|Any CPU
		Release|Any CPU = Release|Any CPU
	EndGlobalSection
	GlobalSection(ProjectConfigurationPlatforms) = postSolution
		{F8BC9D0B-D441-435E-9E3A-A4190D9A2D61}.Debug|Any CPU.ActiveCfg = Debug|Any CPU
		{F8BC9D0B-D441-435E-9E3A-A4190D9A2D61}.Debug|Any CPU.Build.0 = Debug|Any CPU
		{F8BC9D0B-D441-435E-9E3A-A4190D9A2D61}.Release|Any CPU.ActiveCfg = Release|Any CPU
		{F8BC9D0B-D441-435E-9E3A-A4190D9A2D61}.Release|Any CPU.Build.0 = Release|Any CPU
	EndGlobalSection
	GlobalSection(SolutionProperties) = preSolution
		HideSolutionNode = FALSE
	EndGlobalSection
	GlobalSection(ExtensibilityGlobals) = postSolution
		SolutionGuid = {75364AF1-D9B2-40FF-9BE6-16EF310BF1F9}
	EndGlobalSection
EndGlobal
